<?xml version="1.0" encoding="utf-8"?>
<Project ToolsVersion="4.0" xmlns="http://schemas.microsoft.com/developer/msbuild/2003">
  <ItemGroup>
    <Filter Include="ParameterManager">
      <UniqueIdentifier>{6afb9192-4dd8-4bfe-8d65-246cb8f3615b}</UniqueIdentifier>
    </Filter>
    <Filter Include="Test">
      <UniqueIdentifier>{d25b0a4e-6b30-446e-93ae-215c4174ee0e}</UniqueIdentifier>
    </Filter>
    <Filter Include="Test\fixtures">
      <UniqueIdentifier>{332dd31e-acc7-44ca-a4a0-05815d817c1f}</UniqueIdentifier>
    </Filter>
    <Filter Include="Chimera">
      <UniqueIdentifier>{044723e0-592a-4ca1-a860-f23a6902f676}</UniqueIdentifier>
    </Filter>
    <Filter Include="Chimera\modules">
      <UniqueIdentifier>{0f8d074a-cc9e-4018-aabe-f0a4f0b4e3a3}</UniqueIdentifier>
    </Filter>
    <Filter Include="Chimera\modules\memory">
      <UniqueIdentifier>{6c700325-5b25-4475-9c02-4718e0a8ae71}</UniqueIdentifier>
    </Filter>
  </ItemGroup>
  <ItemGroup>
    <ClCompile Include="..\..\..\..\AeroKernel\AeroKernel\parameter.cpp">
      <Filter>ParameterManager</Filter>
    </ClCompile>
    <ClCompile Include="..\..\..\..\tst\main.cpp">
      <Filter>Test</Filter>
    </ClCompile>
    <ClCompile Include="..\..\..\..\tst\mod\test_parameter.cpp">
      <Filter>Test</Filter>
    </ClCompile>
    <ClCompile Include="..\..\..\..\tst\fixtures\parameter_test_fixture.cpp">
      <Filter>Test\fixtures</Filter>
    </ClCompile>
    <ClCompile Include="..\..\..\..\lib\Chimera\Chimera\modules\memory\chimera_memory_device.cpp">
      <Filter>Chimera\modules\memory</Filter>
    </ClCompile>
  </ItemGroup>
  <ItemGroup>
    <ClInclude Include="..\..\..\..\AeroKernel\AeroKernel\parameter.hpp">
      <Filter>ParameterManager</Filter>
    </ClInclude>
    <ClInclude Include="..\..\..\..\tst\fixtures\parameter_test_fixture.hpp">
      <Filter>Test\fixtures</Filter>
    </ClInclude>
  </ItemGroup>
</Project>