<?xml version="1.0" encoding="utf-8"?>
<Project ToolsVersion="4.0" xmlns="http://schemas.microsoft.com/developer/msbuild/2003">
  <ItemGroup>
    <Filter Include="ParameterManager">
      <UniqueIdentifier>{6afb9192-4dd8-4bfe-8d65-246cb8f3615b}</UniqueIdentifier>
    </Filter>
    <Filter Include="Test">
      <UniqueIdentifier>{d25b0a4e-6b30-446e-93ae-215c4174ee0e}</UniqueIdentifier>
    </Filter>
    <Filter Include="Test\fixtures">
      <UniqueIdentifier>{332dd31e-acc7-44ca-a4a0-05815d817c1f}</UniqueIdentifier>
    </Filter>
    <Filter Include="Chimera">
      <UniqueIdentifier>{044723e0-592a-4ca1-a860-f23a6902f676}</UniqueIdentifier>
    </Filter>
    <Filter Include="Chimera\modules">
      <UniqueIdentifier>{e5e357b2-efa7-40ec-9b4a-3d4a8aa64e0b}</UniqueIdentifier>
    </Filter>
    <Filter Include="Chimera\modules\memory">
      <UniqueIdentifier>{93b0b68f-494e-40ab-b1a2-42d7f2ab91a3}</UniqueIdentifier>
    </Filter>
  </ItemGroup>
  <ItemGroup>
    <ClCompile Include="..\..\..\..\AeroKernel\AeroKernel\parameter.cpp">
      <Filter>ParameterManager</Filter>
    </ClCompile>
    <ClCompile Include="..\..\..\..\tst\main.cpp">
      <Filter>Test</Filter>
    </ClCompile>
    <ClCompile Include="..\..\..\..\tst\mod\test_parameter.cpp">
      <Filter>Test</Filter>
    </ClCompile>
    <ClCompile Include="..\..\..\..\tst\fixtures\parameter_test_fixture.cpp">
      <Filter>Test\fixtures</Filter>
    </ClCompile>
    <ClCompile Include="..\..\..\..\lib\Chimera\Chimera\chimera.cpp">
      <Filter>Chimera</Filter>
    </ClCompile>
    <ClCompile Include="..\..\..\..\lib\Chimera\Chimera\chimera_allocator.cpp">
      <Filter>Chimera</Filter>
    </ClCompile>
    <ClCompile Include="..\..\..\..\lib\Chimera\Chimera\chimera_buffer.cpp">
      <Filter>Chimera</Filter>
    </ClCompile>
    <ClCompile Include="..\..\..\..\lib\Chimera\Chimera\chimera_crc.cpp">
      <Filter>Chimera</Filter>
    </ClCompile>
    <ClCompile Include="..\..\..\..\lib\Chimera\Chimera\chimera_exception.cpp">
      <Filter>Chimera</Filter>
    </ClCompile>
    <ClCompile Include="..\..\..\..\lib\Chimera\Chimera\chimera_logging.cpp">
      <Filter>Chimera</Filter>
    </ClCompile>
    <ClCompile Include="..\..\..\..\lib\Chimera\Chimera\chimera_threading.cpp">
      <Filter>Chimera</Filter>
    </ClCompile>
    <ClCompile Include="..\..\..\..\lib\Chimera\Chimera\modules\memory\chimera_memory_device.cpp">
      <Filter>Chimera\modules\memory</Filter>
    </ClCompile>
  </ItemGroup>
  <ItemGroup>
    <ClInclude Include="..\..\..\..\AeroKernel\AeroKernel\parameter.hpp">
      <Filter>ParameterManager</Filter>
    </ClInclude>
    <ClInclude Include="..\..\..\..\tst\fixtures\parameter_test_fixture.hpp">
      <Filter>Test\fixtures</Filter>
    </ClInclude>
    <ClInclude Include="..\..\..\..\lib\Chimera\Chimera\dma.hpp">
      <Filter>Chimera</Filter>
    </ClInclude>
    <ClInclude Include="..\..\..\..\lib\Chimera\Chimera\exception.hpp">
      <Filter>Chimera</Filter>
    </ClInclude>
    <ClInclude Include="..\..\..\..\lib\Chimera\Chimera\gpio.hpp">
      <Filter>Chimera</Filter>
    </ClInclude>
    <ClInclude Include="..\..\..\..\lib\Chimera\Chimera\logging.hpp">
      <Filter>Chimera</Filter>
    </ClInclude>
    <ClInclude Include="..\..\..\..\lib\Chimera\Chimera\memory.hpp">
      <Filter>Chimera</Filter>
    </ClInclude>
    <ClInclude Include="..\..\..\..\lib\Chimera\Chimera\power.hpp">
      <Filter>Chimera</Filter>
    </ClInclude>
    <ClInclude Include="..\..\..\..\lib\Chimera\Chimera\preprocessor.hpp">
      <Filter>Chimera</Filter>
    </ClInclude>
    <ClInclude Include="..\..\..\..\lib\Chimera\Chimera\serial.hpp">
      <Filter>Chimera</Filter>
    </ClInclude>
    <ClInclude Include="..\..\..\..\lib\Chimera\Chimera\spi.hpp">
      <Filter>Chimera</Filter>
    </ClInclude>
    <ClInclude Include="..\..\..\..\lib\Chimera\Chimera\system.hpp">
      <Filter>Chimera</Filter>
    </ClInclude>
    <ClInclude Include="..\..\..\..\lib\Chimera\Chimera\threading.hpp">
      <Filter>Chimera</Filter>
    </ClInclude>
    <ClInclude Include="..\..\..\..\lib\Chimera\Chimera\utilities.hpp">
      <Filter>Chimera</Filter>
    </ClInclude>
    <ClInclude Include="..\..\..\..\lib\Chimera\Chimera\watchdog.hpp">
      <Filter>Chimera</Filter>
    </ClInclude>
    <ClInclude Include="..\..\..\..\lib\Chimera\Chimera\allocator.hpp">
      <Filter>Chimera</Filter>
    </ClInclude>
    <ClInclude Include="..\..\..\..\lib\Chimera\Chimera\buffer.hpp">
      <Filter>Chimera</Filter>
    </ClInclude>
    <ClInclude Include="..\..\..\..\lib\Chimera\Chimera\chimera.hpp">
      <Filter>Chimera</Filter>
    </ClInclude>
    <ClInclude Include="..\..\..\..\lib\Chimera\Chimera\crc.hpp">
      <Filter>Chimera</Filter>
    </ClInclude>
    <ClInclude Include="..\..\..\..\lib\Chimera\Chimera\modules\memory\blockDevice.hpp">
      <Filter>Chimera\modules\memory</Filter>
    </ClInclude>
    <ClInclude Include="..\..\..\..\lib\Chimera\Chimera\modules\memory\device.hpp">
      <Filter>Chimera\modules\memory</Filter>
    </ClInclude>
  </ItemGroup>
  <ItemGroup>
    <None Include="packages.config" />
  </ItemGroup>
</Project>