
Microsoft Visual Studio Solution File, Format Version 12.00
# Visual Studio Version 16
VisualStudioVersion = 16.0.28822.285
MinimumVisualStudioVersion = 10.0.40219.1
Project("{8BC9CEB8-8B4A-11D0-8D11-00A0C91BC942}") = "ParameterManager", "ParameterManager\ParameterManager.vcxproj", "{BACA0A67-6CB4-469E-B19F-D8F4415C6C10}"
EndProject
Global
	GlobalSection(SolutionConfigurationPlatforms) = preSolution
		Debug|x64 = Debug|x64
		Debug|x86 = Debug|x86
		Release|x64 = Release|x64
		Release|x86 = Release|x86
	EndGlobalSection
	GlobalSection(ProjectConfigurationPlatforms) = postSolution
		{BACA0A67-6CB4-469E-B19F-D8F4415C6C10}.Debug|x64.ActiveCfg = Debug|x64
		{BACA0A67-6CB4-469E-B19F-D8F4415C6C10}.Debug|x64.Build.0 = Debug|x64
		{BACA0A67-6CB4-469E-B19F-D8F4415C6C10}.Debug|x86.ActiveCfg = Debug|Win32
		{BACA0A67-6CB4-469E-B19F-D8F4415C6C10}.Debug|x86.Build.0 = Debug|Win32
		{BACA0A67-6CB4-469E-B19F-D8F4415C6C10}.Release|x64.ActiveCfg = Release|x64
		{BACA0A67-6CB4-469E-B19F-D8F4415C6C10}.Release|x64.Build.0 = Release|x64
		{BACA0A67-6CB4-469E-B19F-D8F4415C6C10}.Release|x86.ActiveCfg = Release|Win32
		{BACA0A67-6CB4-469E-B19F-D8F4415C6C10}.Release|x86.Build.0 = Release|Win32
	EndGlobalSection
	GlobalSection(SolutionProperties) = preSolution
		HideSolutionNode = FALSE
	EndGlobalSection
	GlobalSection(ExtensibilityGlobals) = postSolution
		SolutionGuid = {BF947738-E3DF-4140-AF8C-6ABA6A361E4C}
	EndGlobalSection
EndGlobal
